
Microsoft Visual Studio Solution File, Format Version 12.00
# Visual Studio 2012
Project("{FAE04EC0-301F-11D3-BF4B-00C04F79EFBC}") = "HTTPServer", "HTTPServer.csproj", "{9CE5CF87-101F-4C17-AB3C-D4E4D26C67B2}"
EndProject
Project("{FAE04EC0-301F-11D3-BF4B-00C04F79EFBC}") = "HTTPClient", "..\HTTPClient\HTTPClient.csproj", "{F82A94B5-8916-468D-B01A-C1E70E9D0307}"
EndProject
Global
	GlobalSection(SolutionConfigurationPlatforms) = preSolution
		Debug|Any CPU = Debug|Any CPU
		Release|Any CPU = Release|Any CPU
	EndGlobalSection
	GlobalSection(ProjectConfigurationPlatforms) = postSolution
		{9CE5CF87-101F-4C17-AB3C-D4E4D26C67B2}.Debug|Any CPU.ActiveCfg = Debug|Any CPU
		{9CE5CF87-101F-4C17-AB3C-D4E4D26C67B2}.Debug|Any CPU.Build.0 = Debug|Any CPU
		{9CE5CF87-101F-4C17-AB3C-D4E4D26C67B2}.Release|Any CPU.ActiveCfg = Release|Any CPU
		{9CE5CF87-101F-4C17-AB3C-D4E4D26C67B2}.Release|Any CPU.Build.0 = Release|Any CPU
		{F82A94B5-8916-468D-B01A-C1E70E9D0307}.Debug|Any CPU.ActiveCfg = Debug|Any CPU
		{F82A94B5-8916-468D-B01A-C1E70E9D0307}.Debug|Any CPU.Build.0 = Debug|Any CPU
		{F82A94B5-8916-468D-B01A-C1E70E9D0307}.Release|Any CPU.ActiveCfg = Release|Any CPU
		{F82A94B5-8916-468D-B01A-C1E70E9D0307}.Release|Any CPU.Build.0 = Release|Any CPU
	EndGlobalSection
	GlobalSection(SolutionProperties) = preSolution
		HideSolutionNode = FALSE
	EndGlobalSection
EndGlobal
